
Microsoft Visual Studio Solution File, Format Version 12.00
# Visual Studio Version 17
VisualStudioVersion = 17.4.33122.133
MinimumVisualStudioVersion = 10.0.40219.1
Project("{FAE04EC0-301F-11D3-BF4B-00C04F79EFBC}") = "Desktop", "Desktop\Desktop.csproj", "{06A4E916-EE53-4840-A86F-8337FF8A952A}"
	ProjectSection(ProjectDependencies) = postProject
		{84952C05-D272-4F06-8F40-87D93FF0E65D} = {84952C05-D272-4F06-8F40-87D93FF0E65D}
	EndProjectSection
EndProject
Project("{9A19103F-16F7-4668-BE54-9A1E7A4F7556}") = "Entities", "Todo.Entities\Entities.csproj", "{84952C05-D272-4F06-8F40-87D93FF0E65D}"
EndProject
Global
	GlobalSection(SolutionConfigurationPlatforms) = preSolution
		Debug|Any CPU = Debug|Any CPU
		Release|Any CPU = Release|Any CPU
	EndGlobalSection
	GlobalSection(ProjectConfigurationPlatforms) = postSolution
		{06A4E916-EE53-4840-A86F-8337FF8A952A}.Debug|Any CPU.ActiveCfg = Debug|Any CPU
		{06A4E916-EE53-4840-A86F-8337FF8A952A}.Debug|Any CPU.Build.0 = Debug|Any CPU
		{06A4E916-EE53-4840-A86F-8337FF8A952A}.Release|Any CPU.ActiveCfg = Release|Any CPU
		{06A4E916-EE53-4840-A86F-8337FF8A952A}.Release|Any CPU.Build.0 = Release|Any CPU
		{84952C05-D272-4F06-8F40-87D93FF0E65D}.Debug|Any CPU.ActiveCfg = Debug|Any CPU
		{84952C05-D272-4F06-8F40-87D93FF0E65D}.Debug|Any CPU.Build.0 = Debug|Any CPU
		{84952C05-D272-4F06-8F40-87D93FF0E65D}.Release|Any CPU.ActiveCfg = Release|Any CPU
		{84952C05-D272-4F06-8F40-87D93FF0E65D}.Release|Any CPU.Build.0 = Release|Any CPU
	EndGlobalSection
	GlobalSection(SolutionProperties) = preSolution
		HideSolutionNode = FALSE
	EndGlobalSection
	GlobalSection(ExtensibilityGlobals) = postSolution
		SolutionGuid = {C53A6D23-5360-4C00-8166-AACC1BE7E661}
	EndGlobalSection
EndGlobal
