
Microsoft Visual Studio Solution File, Format Version 12.00
# Visual Studio Version 17
VisualStudioVersion = 17.4.33205.214
MinimumVisualStudioVersion = 10.0.40219.1
Project("{FAE04EC0-301F-11D3-BF4B-00C04F79EFBC}") = "Todo.Entities", "Todo.Entities.csproj", "{F154F805-902A-4503-965F-B4AD1B3ABFCD}"
EndProject
Global
	GlobalSection(SolutionConfigurationPlatforms) = preSolution
		Debug|Any CPU = Debug|Any CPU
		Release|Any CPU = Release|Any CPU
	EndGlobalSection
	GlobalSection(ProjectConfigurationPlatforms) = postSolution
		{F154F805-902A-4503-965F-B4AD1B3ABFCD}.Debug|Any CPU.ActiveCfg = Debug|Any CPU
		{F154F805-902A-4503-965F-B4AD1B3ABFCD}.Debug|Any CPU.Build.0 = Debug|Any CPU
		{F154F805-902A-4503-965F-B4AD1B3ABFCD}.Release|Any CPU.ActiveCfg = Release|Any CPU
		{F154F805-902A-4503-965F-B4AD1B3ABFCD}.Release|Any CPU.Build.0 = Release|Any CPU
	EndGlobalSection
	GlobalSection(SolutionProperties) = preSolution
		HideSolutionNode = FALSE
	EndGlobalSection
	GlobalSection(ExtensibilityGlobals) = postSolution
		SolutionGuid = {A58ED146-98F2-45F5-9CED-98034E13EEF2}
	EndGlobalSection
EndGlobal
